
Microsoft Visual Studio Solution File, Format Version 12.00
# Visual Studio 14
VisualStudioVersion = 14.0.23107.0
MinimumVisualStudioVersion = 10.0.40219.1
Project("{FAE04EC0-301F-11D3-BF4B-00C04F79EFBC}") = "MeusEventosCurso", "MeusEventosCurso\MeusEventosCurso.csproj", "{251A4A4F-F89E-4FE6-86D6-A1EDA1E472B7}"
EndProject
Project("{FAE04EC0-301F-11D3-BF4B-00C04F79EFBC}") = "MeusEventosCurso.Core", "MeusEventosCurso.Core\MeusEventosCurso.Core.csproj", "{26E64295-EFC5-4C3C-AABB-03F91B422D6F}"
EndProject
Global
	GlobalSection(SolutionConfigurationPlatforms) = preSolution
		Debug|Any CPU = Debug|Any CPU
		Debug|ARM = Debug|ARM
		Debug|x86 = Debug|x86
		Release|Any CPU = Release|Any CPU
		Release|ARM = Release|ARM
		Release|x86 = Release|x86
	EndGlobalSection
	GlobalSection(ProjectConfigurationPlatforms) = postSolution
		{251A4A4F-F89E-4FE6-86D6-A1EDA1E472B7}.Debug|Any CPU.ActiveCfg = Debug|Any CPU
		{251A4A4F-F89E-4FE6-86D6-A1EDA1E472B7}.Debug|Any CPU.Build.0 = Debug|Any CPU
		{251A4A4F-F89E-4FE6-86D6-A1EDA1E472B7}.Debug|Any CPU.Deploy.0 = Debug|Any CPU
		{251A4A4F-F89E-4FE6-86D6-A1EDA1E472B7}.Debug|ARM.ActiveCfg = Debug|ARM
		{251A4A4F-F89E-4FE6-86D6-A1EDA1E472B7}.Debug|ARM.Build.0 = Debug|ARM
		{251A4A4F-F89E-4FE6-86D6-A1EDA1E472B7}.Debug|ARM.Deploy.0 = Debug|ARM
		{251A4A4F-F89E-4FE6-86D6-A1EDA1E472B7}.Debug|x86.ActiveCfg = Debug|x86
		{251A4A4F-F89E-4FE6-86D6-A1EDA1E472B7}.Debug|x86.Build.0 = Debug|x86
		{251A4A4F-F89E-4FE6-86D6-A1EDA1E472B7}.Debug|x86.Deploy.0 = Debug|x86
		{251A4A4F-F89E-4FE6-86D6-A1EDA1E472B7}.Release|Any CPU.ActiveCfg = Release|Any CPU
		{251A4A4F-F89E-4FE6-86D6-A1EDA1E472B7}.Release|Any CPU.Build.0 = Release|Any CPU
		{251A4A4F-F89E-4FE6-86D6-A1EDA1E472B7}.Release|Any CPU.Deploy.0 = Release|Any CPU
		{251A4A4F-F89E-4FE6-86D6-A1EDA1E472B7}.Release|ARM.ActiveCfg = Release|ARM
		{251A4A4F-F89E-4FE6-86D6-A1EDA1E472B7}.Release|ARM.Build.0 = Release|ARM
		{251A4A4F-F89E-4FE6-86D6-A1EDA1E472B7}.Release|ARM.Deploy.0 = Release|ARM
		{251A4A4F-F89E-4FE6-86D6-A1EDA1E472B7}.Release|x86.ActiveCfg = Release|x86
		{251A4A4F-F89E-4FE6-86D6-A1EDA1E472B7}.Release|x86.Build.0 = Release|x86
		{251A4A4F-F89E-4FE6-86D6-A1EDA1E472B7}.Release|x86.Deploy.0 = Release|x86
		{26E64295-EFC5-4C3C-AABB-03F91B422D6F}.Debug|Any CPU.ActiveCfg = Debug|Any CPU
		{26E64295-EFC5-4C3C-AABB-03F91B422D6F}.Debug|Any CPU.Build.0 = Debug|Any CPU
		{26E64295-EFC5-4C3C-AABB-03F91B422D6F}.Debug|ARM.ActiveCfg = Debug|Any CPU
		{26E64295-EFC5-4C3C-AABB-03F91B422D6F}.Debug|ARM.Build.0 = Debug|Any CPU
		{26E64295-EFC5-4C3C-AABB-03F91B422D6F}.Debug|x86.ActiveCfg = Debug|Any CPU
		{26E64295-EFC5-4C3C-AABB-03F91B422D6F}.Debug|x86.Build.0 = Debug|Any CPU
		{26E64295-EFC5-4C3C-AABB-03F91B422D6F}.Release|Any CPU.ActiveCfg = Release|Any CPU
		{26E64295-EFC5-4C3C-AABB-03F91B422D6F}.Release|Any CPU.Build.0 = Release|Any CPU
		{26E64295-EFC5-4C3C-AABB-03F91B422D6F}.Release|ARM.ActiveCfg = Release|Any CPU
		{26E64295-EFC5-4C3C-AABB-03F91B422D6F}.Release|ARM.Build.0 = Release|Any CPU
		{26E64295-EFC5-4C3C-AABB-03F91B422D6F}.Release|x86.ActiveCfg = Release|Any CPU
		{26E64295-EFC5-4C3C-AABB-03F91B422D6F}.Release|x86.Build.0 = Release|Any CPU
	EndGlobalSection
	GlobalSection(SolutionProperties) = preSolution
		HideSolutionNode = FALSE
	EndGlobalSection
EndGlobal
